
Microsoft Visual Studio Solution File, Format Version 12.00
# Visual Studio Version 16
VisualStudioVersion = 16.0.29306.81
MinimumVisualStudioVersion = 10.0.40219.1
Project("{2150E333-8FDC-42A3-9474-1A3956D46DE8}") = "src", "src", "{82F9C3C3-A605-44DA-9042-B46ABDBA1E1F}"
EndProject
Project("{FAE04EC0-301F-11D3-BF4B-00C04F79EFBC}") = "WebSerilogStartup.Empty", "src\WebSerilogStartup.Empty\WebSerilogStartup.Empty.csproj", "{AAEB1D34-6434-4355-B8D3-16AB6021804A}"
EndProject
Project("{2150E333-8FDC-42A3-9474-1A3956D46DE8}") = "Websites", "Websites", "{B2DEF541-0653-4234-B9A2-E77EB1EA2409}"
EndProject
Project("{FAE04EC0-301F-11D3-BF4B-00C04F79EFBC}") = "WebSerilogStartup.Api", "src\WebSerilogStartup.Api\WebSerilogStartup.Api.csproj", "{A743FB68-CB34-4C9D-9303-635B4C5764B2}"
EndProject
Global
	GlobalSection(SolutionConfigurationPlatforms) = preSolution
		Debug|Any CPU = Debug|Any CPU
		Release|Any CPU = Release|Any CPU
	EndGlobalSection
	GlobalSection(ProjectConfigurationPlatforms) = postSolution
		{AAEB1D34-6434-4355-B8D3-16AB6021804A}.Debug|Any CPU.ActiveCfg = Debug|Any CPU
		{AAEB1D34-6434-4355-B8D3-16AB6021804A}.Debug|Any CPU.Build.0 = Debug|Any CPU
		{AAEB1D34-6434-4355-B8D3-16AB6021804A}.Release|Any CPU.ActiveCfg = Release|Any CPU
		{AAEB1D34-6434-4355-B8D3-16AB6021804A}.Release|Any CPU.Build.0 = Release|Any CPU
		{A743FB68-CB34-4C9D-9303-635B4C5764B2}.Debug|Any CPU.ActiveCfg = Debug|Any CPU
		{A743FB68-CB34-4C9D-9303-635B4C5764B2}.Debug|Any CPU.Build.0 = Debug|Any CPU
		{A743FB68-CB34-4C9D-9303-635B4C5764B2}.Release|Any CPU.ActiveCfg = Release|Any CPU
		{A743FB68-CB34-4C9D-9303-635B4C5764B2}.Release|Any CPU.Build.0 = Release|Any CPU
	EndGlobalSection
	GlobalSection(SolutionProperties) = preSolution
		HideSolutionNode = FALSE
	EndGlobalSection
	GlobalSection(NestedProjects) = preSolution
		{AAEB1D34-6434-4355-B8D3-16AB6021804A} = {B2DEF541-0653-4234-B9A2-E77EB1EA2409}
		{B2DEF541-0653-4234-B9A2-E77EB1EA2409} = {82F9C3C3-A605-44DA-9042-B46ABDBA1E1F}
		{A743FB68-CB34-4C9D-9303-635B4C5764B2} = {B2DEF541-0653-4234-B9A2-E77EB1EA2409}
	EndGlobalSection
	GlobalSection(ExtensibilityGlobals) = postSolution
		SolutionGuid = {1D8738CA-5AE3-4FA5-B799-592E251418ED}
	EndGlobalSection
EndGlobal
